
Microsoft Visual Studio Solution File, Format Version 12.00
# Visual Studio Version 17
VisualStudioVersion = 17.8.34330.188
MinimumVisualStudioVersion = 10.0.40219.1
Project("{FAE04EC0-301F-11D3-BF4B-00C04F79EFBC}") = "HelloWorld", "HelloWorld\HelloWorld.csproj", "{FF66C9AB-8D40-434D-A3AC-BEB9AC4AF8AA}"
EndProject
Global
	GlobalSection(SolutionConfigurationPlatforms) = preSolution
		Debug|Any CPU = Debug|Any CPU
		Release|Any CPU = Release|Any CPU
	EndGlobalSection
	GlobalSection(ProjectConfigurationPlatforms) = postSolution
		{FF66C9AB-8D40-434D-A3AC-BEB9AC4AF8AA}.Debug|Any CPU.ActiveCfg = Debug|Any CPU
		{FF66C9AB-8D40-434D-A3AC-BEB9AC4AF8AA}.Debug|Any CPU.Build.0 = Debug|Any CPU
		{FF66C9AB-8D40-434D-A3AC-BEB9AC4AF8AA}.Release|Any CPU.ActiveCfg = Release|Any CPU
		{FF66C9AB-8D40-434D-A3AC-BEB9AC4AF8AA}.Release|Any CPU.Build.0 = Release|Any CPU
	EndGlobalSection
	GlobalSection(SolutionProperties) = preSolution
		HideSolutionNode = FALSE
	EndGlobalSection
	GlobalSection(ExtensibilityGlobals) = postSolution
		SolutionGuid = {E066C277-5A63-4068-8447-E3133CB04FF3}
	EndGlobalSection
EndGlobal
